{
  "object": {
    "pins": [
      {
        "package": "PipecatClientIOS",
        "repositoryURL": "https://github.com/pipecat-ai/pipecat-client-ios.git",
        "state": {
          "branch": null,
          "revision": "c8c8ea62f3063173ef8ecfc00f49a3f4fe5a2c33",
          "version": "1.1.0"
        }
      },
      {
        "package": "WebRTC",
        "repositoryURL": "https://github.com/stasel/WebRTC",
        "state": {
          "branch": null,
          "revision": "5b2eb61cace7d62726b29a38b768b07d6bc55c45",
          "version": "134.0.0"
        }
      }
    ]
  },
  "version": 1
}
