{
  "object": {
    "pins": [
      {
        "package": "PipecatClientIOS",
        "repositoryURL": "https://github.com/pipecat-ai/pipecat-client-ios.git",
        "state": {
          "branch": null,
          "revision": "98133fc35c85774d57bb10fbb671f222144f48bc",
          "version": "1.2.0"
        }
      },
      {
        "package": "WebRTC",
        "repositoryURL": "https://github.com/stasel/WebRTC",
        "state": {
          "branch": null,
          "revision": "5b2eb61cace7d62726b29a38b768b07d6bc55c45",
          "version": "134.0.0"
        }
      }
    ]
  },
  "version": 1
}
